// !$*UTF8*$!
{
	archiveVersion = 1;
	classes = {
	};
	objectVersion = 56;
	objects = {

/* Begin PBXBuildFile section */
		BB4FAB1128949343004FACDD /* LargeContentSheet.swift in Sources */ = {isa = PBXBuildFile; fileRef = BB4FAB1028949343004FACDD /* LargeContentSheet.swift */; };
		BB4FAB172894953A004FACDD /* MultiSheetView.swift in Sources */ = {isa = PBXBuildFile; fileRef = BB4FAB1628949539004FACDD /* MultiSheetView.swift */; };
		BB659F002896FB66000BCFEB /* SheetModifiers.swift in Sources */ = {isa = PBXBuildFile; fileRef = BB659EFF2896FB66000BCFEB /* SheetModifiers.swift */; };
		BB659F022897069E000BCFEB /* ModalSheetType.swift in Sources */ = {isa = PBXBuildFile; fileRef = BB659F012897069E000BCFEB /* ModalSheetType.swift */; };
		BB7D98C128943981004AF06A /* Basics.swift in Sources */ = {isa = PBXBuildFile; fileRef = BB7D98C028943981004AF06A /* Basics.swift */; };
		BB7D98C328943B57004AF06A /* MediumContentSheet.swift in Sources */ = {isa = PBXBuildFile; fileRef = BB7D98C228943B57004AF06A /* MediumContentSheet.swift */; };
		BBA6C4B8288EF68F000A88C9 /* AppEntry.swift in Sources */ = {isa = PBXBuildFile; fileRef = BBA6C4B7288EF68F000A88C9 /* AppEntry.swift */; };
		BBA6C4BC288EF692000A88C9 /* Assets.xcassets in Resources */ = {isa = PBXBuildFile; fileRef = BBA6C4BB288EF692000A88C9 /* Assets.xcassets */; };
		BBA6C4BF288EF692000A88C9 /* Preview Assets.xcassets in Resources */ = {isa = PBXBuildFile; fileRef = BBA6C4BE288EF692000A88C9 /* Preview Assets.xcassets */; };
		BBA6C4C6288EF838000A88C9 /* FractionAndHeight.swift in Sources */ = {isa = PBXBuildFile; fileRef = BBA6C4C5288EF838000A88C9 /* FractionAndHeight.swift */; };
		BBA6C4C8288EF894000A88C9 /* CustomDetent.swift in Sources */ = {isa = PBXBuildFile; fileRef = BBA6C4C7288EF894000A88C9 /* CustomDetent.swift */; };
		BBB3E6E228971B5E00004A1A /* TinyDetent.swift in Sources */ = {isa = PBXBuildFile; fileRef = BBB3E6E128971B5E00004A1A /* TinyDetent.swift */; };
		BBC9407E2895B28100502C80 /* TinyContentSheet.swift in Sources */ = {isa = PBXBuildFile; fileRef = BBC9407D2895B28100502C80 /* TinyContentSheet.swift */; };
		BBC940822895D5B300502C80 /* StartTab.swift in Sources */ = {isa = PBXBuildFile; fileRef = BBC940812895D5B300502C80 /* StartTab.swift */; };
		BBC940842895D8D400502C80 /* ReallyLargeContentSheet.swift in Sources */ = {isa = PBXBuildFile; fileRef = BBC940832895D8D400502C80 /* ReallyLargeContentSheet.swift */; };
		BBC940A12895EC9B00502C80 /* Launch Screen.storyboard in Resources */ = {isa = PBXBuildFile; fileRef = BBC940A02895EC9B00502C80 /* Launch Screen.storyboard */; };
/* End PBXBuildFile section */

/* Begin PBXFileReference section */
		BB4FAB1028949343004FACDD /* LargeContentSheet.swift */ = {isa = PBXFileReference; lastKnownFileType = sourcecode.swift; path = LargeContentSheet.swift; sourceTree = "<group>"; };
		BB4FAB1628949539004FACDD /* MultiSheetView.swift */ = {isa = PBXFileReference; lastKnownFileType = sourcecode.swift; path = MultiSheetView.swift; sourceTree = "<group>"; };
		BB659EFF2896FB66000BCFEB /* SheetModifiers.swift */ = {isa = PBXFileReference; lastKnownFileType = sourcecode.swift; path = SheetModifiers.swift; sourceTree = "<group>"; };
		BB659F012897069E000BCFEB /* ModalSheetType.swift */ = {isa = PBXFileReference; lastKnownFileType = sourcecode.swift; path = ModalSheetType.swift; sourceTree = "<group>"; };
		BB7D98C028943981004AF06A /* Basics.swift */ = {isa = PBXFileReference; lastKnownFileType = sourcecode.swift; path = Basics.swift; sourceTree = "<group>"; };
		BB7D98C228943B57004AF06A /* MediumContentSheet.swift */ = {isa = PBXFileReference; lastKnownFileType = sourcecode.swift; path = MediumContentSheet.swift; sourceTree = "<group>"; };
		BBA6C4B4288EF68F000A88C9 /* BottomSheets.app */ = {isa = PBXFileReference; explicitFileType = wrapper.application; includeInIndex = 0; path = BottomSheets.app; sourceTree = BUILT_PRODUCTS_DIR; };
		BBA6C4B7288EF68F000A88C9 /* AppEntry.swift */ = {isa = PBXFileReference; lastKnownFileType = sourcecode.swift; path = AppEntry.swift; sourceTree = "<group>"; };
		BBA6C4BB288EF692000A88C9 /* Assets.xcassets */ = {isa = PBXFileReference; lastKnownFileType = folder.assetcatalog; path = Assets.xcassets; sourceTree = "<group>"; };
		BBA6C4BE288EF692000A88C9 /* Preview Assets.xcassets */ = {isa = PBXFileReference; lastKnownFileType = folder.assetcatalog; path = "Preview Assets.xcassets"; sourceTree = "<group>"; };
		BBA6C4C5288EF838000A88C9 /* FractionAndHeight.swift */ = {isa = PBXFileReference; lastKnownFileType = sourcecode.swift; path = FractionAndHeight.swift; sourceTree = "<group>"; };
		BBA6C4C7288EF894000A88C9 /* CustomDetent.swift */ = {isa = PBXFileReference; lastKnownFileType = sourcecode.swift; path = CustomDetent.swift; sourceTree = "<group>"; };
		BBB3E6E128971B5E00004A1A /* TinyDetent.swift */ = {isa = PBXFileReference; lastKnownFileType = sourcecode.swift; path = TinyDetent.swift; sourceTree = "<group>"; };
		BBC9407D2895B28100502C80 /* TinyContentSheet.swift */ = {isa = PBXFileReference; lastKnownFileType = sourcecode.swift; path = TinyContentSheet.swift; sourceTree = "<group>"; };
		BBC940812895D5B300502C80 /* StartTab.swift */ = {isa = PBXFileReference; lastKnownFileType = sourcecode.swift; path = StartTab.swift; sourceTree = "<group>"; };
		BBC940832895D8D400502C80 /* ReallyLargeContentSheet.swift */ = {isa = PBXFileReference; lastKnownFileType = sourcecode.swift; path = ReallyLargeContentSheet.swift; sourceTree = "<group>"; };
		BBC940A02895EC9B00502C80 /* Launch Screen.storyboard */ = {isa = PBXFileReference; lastKnownFileType = file.storyboard; path = "Launch Screen.storyboard"; sourceTree = "<group>"; };
/* End PBXFileReference section */

/* Begin PBXFrameworksBuildPhase section */
		BBA6C4B1288EF68F000A88C9 /* Frameworks */ = {
			isa = PBXFrameworksBuildPhase;
			buildActionMask = 2147483647;
			files = (
			);
			runOnlyForDeploymentPostprocessing = 0;
		};
/* End PBXFrameworksBuildPhase section */

/* Begin PBXGroup section */
		BBA6C4AB288EF68F000A88C9 = {
			isa = PBXGroup;
			children = (
				BBA6C4B6288EF68F000A88C9 /* BottomSheets */,
				BBA6C4B5288EF68F000A88C9 /* Products */,
			);
			sourceTree = "<group>";
		};
		BBA6C4B5288EF68F000A88C9 /* Products */ = {
			isa = PBXGroup;
			children = (
				BBA6C4B4288EF68F000A88C9 /* BottomSheets.app */,
			);
			name = Products;
			sourceTree = "<group>";
		};
		BBA6C4B6288EF68F000A88C9 /* BottomSheets */ = {
			isa = PBXGroup;
			children = (
				BBA6C4B7288EF68F000A88C9 /* AppEntry.swift */,
				BBC940812895D5B300502C80 /* StartTab.swift */,
				BB7D98C028943981004AF06A /* Basics.swift */,
				BB659EFF2896FB66000BCFEB /* SheetModifiers.swift */,
				BBA6C4C5288EF838000A88C9 /* FractionAndHeight.swift */,
				BB4FAB1628949539004FACDD /* MultiSheetView.swift */,
				BBA6C4C7288EF894000A88C9 /* CustomDetent.swift */,
				BB659F012897069E000BCFEB /* ModalSheetType.swift */,
				BBB3E6E128971B5E00004A1A /* TinyDetent.swift */,
				BBC940852895DC0600502C80 /* SampleSheetViews */,
				BBA6C4BB288EF692000A88C9 /* Assets.xcassets */,
				BBC940A02895EC9B00502C80 /* Launch Screen.storyboard */,
				BBA6C4BD288EF692000A88C9 /* Preview Content */,
			);
			path = BottomSheets;
			sourceTree = "<group>";
		};
		BBA6C4BD288EF692000A88C9 /* Preview Content */ = {
			isa = PBXGroup;
			children = (
				BBA6C4BE288EF692000A88C9 /* Preview Assets.xcassets */,
			);
			path = "Preview Content";
			sourceTree = "<group>";
		};
		BBC940852895DC0600502C80 /* SampleSheetViews */ = {
			isa = PBXGroup;
			children = (
				BBC9407D2895B28100502C80 /* TinyContentSheet.swift */,
				BB7D98C228943B57004AF06A /* MediumContentSheet.swift */,
				BB4FAB1028949343004FACDD /* LargeContentSheet.swift */,
				BBC940832895D8D400502C80 /* ReallyLargeContentSheet.swift */,
			);
			path = SampleSheetViews;
			sourceTree = "<group>";
		};
/* End PBXGroup section */

/* Begin PBXNativeTarget section */
		BBA6C4B3288EF68F000A88C9 /* BottomSheets */ = {
			isa = PBXNativeTarget;
			buildConfigurationList = BBA6C4C2288EF692000A88C9 /* Build configuration list for PBXNativeTarget "BottomSheets" */;
			buildPhases = (
				BBA6C4B0288EF68F000A88C9 /* Sources */,
				BBA6C4B1288EF68F000A88C9 /* Frameworks */,
				BBA6C4B2288EF68F000A88C9 /* Resources */,
			);
			buildRules = (
			);
			dependencies = (
			);
			name = BottomSheets;
			productName = Detents;
			productReference = BBA6C4B4288EF68F000A88C9 /* BottomSheets.app */;
			productType = "com.apple.product-type.application";
		};
/* End PBXNativeTarget section */

/* Begin PBXProject section */
		BBA6C4AC288EF68F000A88C9 /* Project object */ = {
			isa = PBXProject;
			attributes = {
				BuildIndependentTargetsInParallel = 1;
				LastSwiftUpdateCheck = 1400;
				LastUpgradeCheck = 1400;
				TargetAttributes = {
					BBA6C4B3288EF68F000A88C9 = {
						CreatedOnToolsVersion = 14.0;
					};
				};
			};
			buildConfigurationList = BBA6C4AF288EF68F000A88C9 /* Build configuration list for PBXProject "BottomSheets" */;
			compatibilityVersion = "Xcode 14.0";
			developmentRegion = en;
			hasScannedForEncodings = 0;
			knownRegions = (
				en,
				Base,
			);
			mainGroup = BBA6C4AB288EF68F000A88C9;
			productRefGroup = BBA6C4B5288EF68F000A88C9 /* Products */;
			projectDirPath = "";
			projectRoot = "";
			targets = (
				BBA6C4B3288EF68F000A88C9 /* BottomSheets */,
			);
		};
/* End PBXProject section */

/* Begin PBXResourcesBuildPhase section */
		BBA6C4B2288EF68F000A88C9 /* Resources */ = {
			isa = PBXResourcesBuildPhase;
			buildActionMask = 2147483647;
			files = (
				BBC940A12895EC9B00502C80 /* Launch Screen.storyboard in Resources */,
				BBA6C4BF288EF692000A88C9 /* Preview Assets.xcassets in Resources */,
				BBA6C4BC288EF692000A88C9 /* Assets.xcassets in Resources */,
			);
			runOnlyForDeploymentPostprocessing = 0;
		};
/* End PBXResourcesBuildPhase section */

/* Begin PBXSourcesBuildPhase section */
		BBA6C4B0288EF68F000A88C9 /* Sources */ = {
			isa = PBXSourcesBuildPhase;
			buildActionMask = 2147483647;
			files = (
				BB7D98C128943981004AF06A /* Basics.swift in Sources */,
				BBA6C4C8288EF894000A88C9 /* CustomDetent.swift in Sources */,
				BBA6C4C6288EF838000A88C9 /* FractionAndHeight.swift in Sources */,
				BB4FAB1128949343004FACDD /* LargeContentSheet.swift in Sources */,
				BBC940822895D5B300502C80 /* StartTab.swift in Sources */,
				BBC940842895D8D400502C80 /* ReallyLargeContentSheet.swift in Sources */,
				BB7D98C328943B57004AF06A /* MediumContentSheet.swift in Sources */,
				BB659F022897069E000BCFEB /* ModalSheetType.swift in Sources */,
				BB659F002896FB66000BCFEB /* SheetModifiers.swift in Sources */,
				BBC9407E2895B28100502C80 /* TinyContentSheet.swift in Sources */,
				BBB3E6E228971B5E00004A1A /* TinyDetent.swift in Sources */,
				BB4FAB172894953A004FACDD /* MultiSheetView.swift in Sources */,
				BBA6C4B8288EF68F000A88C9 /* AppEntry.swift in Sources */,
			);
			runOnlyForDeploymentPostprocessing = 0;
		};
/* End PBXSourcesBuildPhase section */

/* Begin XCBuildConfiguration section */
		BBA6C4C0288EF692000A88C9 /* Debug */ = {
			isa = XCBuildConfiguration;
			buildSettings = {
				ALWAYS_SEARCH_USER_PATHS = NO;
				CLANG_ANALYZER_NONNULL = YES;
				CLANG_ANALYZER_NUMBER_OBJECT_CONVERSION = YES_AGGRESSIVE;
				CLANG_CXX_LANGUAGE_STANDARD = "gnu++20";
				CLANG_ENABLE_MODULES = YES;
				CLANG_ENABLE_OBJC_ARC = YES;
				CLANG_ENABLE_OBJC_WEAK = YES;
				CLANG_WARN_BLOCK_CAPTURE_AUTORELEASING = YES;
				CLANG_WARN_BOOL_CONVERSION = YES;
				CLANG_WARN_COMMA = YES;
				CLANG_WARN_CONSTANT_CONVERSION = YES;
				CLANG_WARN_DEPRECATED_OBJC_IMPLEMENTATIONS = YES;
				CLANG_WARN_DIRECT_OBJC_ISA_USAGE = YES_ERROR;
				CLANG_WARN_DOCUMENTATION_COMMENTS = YES;
				CLANG_WARN_EMPTY_BODY = YES;
				CLANG_WARN_ENUM_CONVERSION = YES;
				CLANG_WARN_INFINITE_RECURSION = YES;
				CLANG_WARN_INT_CONVERSION = YES;
				CLANG_WARN_NON_LITERAL_NULL_CONVERSION = YES;
				CLANG_WARN_OBJC_IMPLICIT_RETAIN_SELF = YES;
				CLANG_WARN_OBJC_LITERAL_CONVERSION = YES;
				CLANG_WARN_OBJC_ROOT_CLASS = YES_ERROR;
				CLANG_WARN_QUOTED_INCLUDE_IN_FRAMEWORK_HEADER = YES;
				CLANG_WARN_RANGE_LOOP_ANALYSIS = YES;
				CLANG_WARN_STRICT_PROTOTYPES = YES;
				CLANG_WARN_SUSPICIOUS_MOVE = YES;
				CLANG_WARN_UNGUARDED_AVAILABILITY = YES_AGGRESSIVE;
				CLANG_WARN_UNREACHABLE_CODE = YES;
				CLANG_WARN__DUPLICATE_METHOD_MATCH = YES;
				COPY_PHASE_STRIP = NO;
				DEBUG_INFORMATION_FORMAT = dwarf;
				ENABLE_STRICT_OBJC_MSGSEND = YES;
				ENABLE_TESTABILITY = YES;
				GCC_C_LANGUAGE_STANDARD = gnu11;
				GCC_DYNAMIC_NO_PIC = NO;
				GCC_NO_COMMON_BLOCKS = YES;
				GCC_OPTIMIZATION_LEVEL = 0;
				GCC_PREPROCESSOR_DEFINITIONS = (
					"DEBUG=1",
					"$(inherited)",
				);
				GCC_WARN_64_TO_32_BIT_CONVERSION = YES;
				GCC_WARN_ABOUT_RETURN_TYPE = YES_ERROR;
				GCC_WARN_UNDECLARED_SELECTOR = YES;
				GCC_WARN_UNINITIALIZED_AUTOS = YES_AGGRESSIVE;
				GCC_WARN_UNUSED_FUNCTION = YES;
				GCC_WARN_UNUSED_VARIABLE = YES;
				IPHONEOS_DEPLOYMENT_TARGET = 16.0;
				MTL_ENABLE_DEBUG_INFO = INCLUDE_SOURCE;
				MTL_FAST_MATH = YES;
				ONLY_ACTIVE_ARCH = YES;
				SDKROOT = iphoneos;
				SWIFT_ACTIVE_COMPILATION_CONDITIONS = DEBUG;
				SWIFT_OPTIMIZATION_LEVEL = "-Onone";
			};
			name = Debug;
		};
		BBA6C4C1288EF692000A88C9 /* Release */ = {
			isa = XCBuildConfiguration;
			buildSettings = {
				ALWAYS_SEARCH_USER_PATHS = NO;
				CLANG_ANALYZER_NONNULL = YES;
				CLANG_ANALYZER_NUMBER_OBJECT_CONVERSION = YES_AGGRESSIVE;
				CLANG_CXX_LANGUAGE_STANDARD = "gnu++20";
				CLANG_ENABLE_MODULES = YES;
				CLANG_ENABLE_OBJC_ARC = YES;
				CLANG_ENABLE_OBJC_WEAK = YES;
				CLANG_WARN_BLOCK_CAPTURE_AUTORELEASING = YES;
				CLANG_WARN_BOOL_CONVERSION = YES;
				CLANG_WARN_COMMA = YES;
				CLANG_WARN_CONSTANT_CONVERSION = YES;
				CLANG_WARN_DEPRECATED_OBJC_IMPLEMENTATIONS = YES;
				CLANG_WARN_DIRECT_OBJC_ISA_USAGE = YES_ERROR;
				CLANG_WARN_DOCUMENTATION_COMMENTS = YES;
				CLANG_WARN_EMPTY_BODY = YES;
				CLANG_WARN_ENUM_CONVERSION = YES;
				CLANG_WARN_INFINITE_RECURSION = YES;
				CLANG_WARN_INT_CONVERSION = YES;
				CLANG_WARN_NON_LITERAL_NULL_CONVERSION = YES;
				CLANG_WARN_OBJC_IMPLICIT_RETAIN_SELF = YES;
				CLANG_WARN_OBJC_LITERAL_CONVERSION = YES;
				CLANG_WARN_OBJC_ROOT_CLASS = YES_ERROR;
				CLANG_WARN_QUOTED_INCLUDE_IN_FRAMEWORK_HEADER = YES;
				CLANG_WARN_RANGE_LOOP_ANALYSIS = YES;
				CLANG_WARN_STRICT_PROTOTYPES = YES;
				CLANG_WARN_SUSPICIOUS_MOVE = YES;
				CLANG_WARN_UNGUARDED_AVAILABILITY = YES_AGGRESSIVE;
				CLANG_WARN_UNREACHABLE_CODE = YES;
				CLANG_WARN__DUPLICATE_METHOD_MATCH = YES;
				COPY_PHASE_STRIP = NO;
				DEBUG_INFORMATION_FORMAT = "dwarf-with-dsym";
				ENABLE_NS_ASSERTIONS = NO;
				ENABLE_STRICT_OBJC_MSGSEND = YES;
				GCC_C_LANGUAGE_STANDARD = gnu11;
				GCC_NO_COMMON_BLOCKS = YES;
				GCC_WARN_64_TO_32_BIT_CONVERSION = YES;
				GCC_WARN_ABOUT_RETURN_TYPE = YES_ERROR;
				GCC_WARN_UNDECLARED_SELECTOR = YES;
				GCC_WARN_UNINITIALIZED_AUTOS = YES_AGGRESSIVE;
				GCC_WARN_UNUSED_FUNCTION = YES;
				GCC_WARN_UNUSED_VARIABLE = YES;
				IPHONEOS_DEPLOYMENT_TARGET = 16.0;
				MTL_ENABLE_DEBUG_INFO = NO;
				MTL_FAST_MATH = YES;
				SDKROOT = iphoneos;
				SWIFT_COMPILATION_MODE = wholemodule;
				SWIFT_OPTIMIZATION_LEVEL = "-O";
				VALIDATE_PRODUCT = YES;
			};
			name = Release;
		};
		BBA6C4C3288EF692000A88C9 /* Debug */ = {
			isa = XCBuildConfiguration;
			buildSettings = {
				ASSETCATALOG_COMPILER_APPICON_NAME = AppIcon;
				ASSETCATALOG_COMPILER_GLOBAL_ACCENT_COLOR_NAME = AccentColor;
				CODE_SIGN_STYLE = Automatic;
				CURRENT_PROJECT_VERSION = 1;
				DEVELOPMENT_ASSET_PATHS = "\"BottomSheets/Preview Content\"";
				DEVELOPMENT_TEAM = RKV4UP49S6;
				ENABLE_PREVIEWS = YES;
				GENERATE_INFOPLIST_FILE = YES;
				INFOPLIST_KEY_UIApplicationSceneManifest_Generation = YES;
				INFOPLIST_KEY_UIApplicationSupportsIndirectInputEvents = YES;
				INFOPLIST_KEY_UILaunchScreen_Generation = YES;
				INFOPLIST_KEY_UILaunchStoryboardName = "Launch Screen.storyboard";
				INFOPLIST_KEY_UISupportedInterfaceOrientations_iPad = "UIInterfaceOrientationPortrait UIInterfaceOrientationPortraitUpsideDown UIInterfaceOrientationLandscapeLeft UIInterfaceOrientationLandscapeRight";
				INFOPLIST_KEY_UISupportedInterfaceOrientations_iPhone = "UIInterfaceOrientationPortrait UIInterfaceOrientationLandscapeLeft UIInterfaceOrientationLandscapeRight";
				LD_RUNPATH_SEARCH_PATHS = (
					"$(inherited)",
					"@executable_path/Frameworks",
				);
				MARKETING_VERSION = 1.0;
				PRODUCT_BUNDLE_IDENTIFIER = com.createchsol.Detents;
				PRODUCT_NAME = "$(TARGET_NAME)";
				SWIFT_EMIT_LOC_STRINGS = YES;
				SWIFT_VERSION = 5.0;
				TARGETED_DEVICE_FAMILY = "1,2";
			};
			name = Debug;
		};
		BBA6C4C4288EF692000A88C9 /* Release */ = {
			isa = XCBuildConfiguration;
			buildSettings = {
				ASSETCATALOG_COMPILER_APPICON_NAME = AppIcon;
				ASSETCATALOG_COMPILER_GLOBAL_ACCENT_COLOR_NAME = AccentColor;
				CODE_SIGN_STYLE = Automatic;
				CURRENT_PROJECT_VERSION = 1;
				DEVELOPMENT_ASSET_PATHS = "\"BottomSheets/Preview Content\"";
				DEVELOPMENT_TEAM = RKV4UP49S6;
				ENABLE_PREVIEWS = YES;
				GENERATE_INFOPLIST_FILE = YES;
				INFOPLIST_KEY_UIApplicationSceneManifest_Generation = YES;
				INFOPLIST_KEY_UIApplicationSupportsIndirectInputEvents = YES;
				INFOPLIST_KEY_UILaunchScreen_Generation = YES;
				INFOPLIST_KEY_UILaunchStoryboardName = "Launch Screen.storyboard";
				INFOPLIST_KEY_UISupportedInterfaceOrientations_iPad = "UIInterfaceOrientationPortrait UIInterfaceOrientationPortraitUpsideDown UIInterfaceOrientationLandscapeLeft UIInterfaceOrientationLandscapeRight";
				INFOPLIST_KEY_UISupportedInterfaceOrientations_iPhone = "UIInterfaceOrientationPortrait UIInterfaceOrientationLandscapeLeft UIInterfaceOrientationLandscapeRight";
				LD_RUNPATH_SEARCH_PATHS = (
					"$(inherited)",
					"@executable_path/Frameworks",
				);
				MARKETING_VERSION = 1.0;
				PRODUCT_BUNDLE_IDENTIFIER = com.createchsol.Detents;
				PRODUCT_NAME = "$(TARGET_NAME)";
				SWIFT_EMIT_LOC_STRINGS = YES;
				SWIFT_VERSION = 5.0;
				TARGETED_DEVICE_FAMILY = "1,2";
			};
			name = Release;
		};
/* End XCBuildConfiguration section */

/* Begin XCConfigurationList section */
		BBA6C4AF288EF68F000A88C9 /* Build configuration list for PBXProject "BottomSheets" */ = {
			isa = XCConfigurationList;
			buildConfigurations = (
				BBA6C4C0288EF692000A88C9 /* Debug */,
				BBA6C4C1288EF692000A88C9 /* Release */,
			);
			defaultConfigurationIsVisible = 0;
			defaultConfigurationName = Release;
		};
		BBA6C4C2288EF692000A88C9 /* Build configuration list for PBXNativeTarget "BottomSheets" */ = {
			isa = XCConfigurationList;
			buildConfigurations = (
				BBA6C4C3288EF692000A88C9 /* Debug */,
				BBA6C4C4288EF692000A88C9 /* Release */,
			);
			defaultConfigurationIsVisible = 0;
			defaultConfigurationName = Release;
		};
/* End XCConfigurationList section */
	};
	rootObject = BBA6C4AC288EF68F000A88C9 /* Project object */;
}
